<?xml version="1.0" encoding="utf-8"?>
<Project ToolsVersion="4.0" xmlns="http://schemas.microsoft.com/developer/msbuild/2003">
  <ItemGroup>
    <ClCompile Include="Bezier.cpp">
      <Filter>Source Files</Filter>
    </ClCompile>
    <ClCompile Include="MainFrm.cpp">
      <Filter>Source Files</Filter>
    </ClCompile>
    <ClCompile Include="Bspline.cpp">
      <Filter>Source Files</Filter>
    </ClCompile>
    <ClCompile Include="cagd.cpp">
      <Filter>Source Files</Filter>
    </ClCompile>
    <ClCompile Include="CurveMgr.cpp">
      <Filter>Source Files</Filter>
    </ClCompile>
    <ClCompile Include="MFCKit2004.cpp">
      <Filter>Source Files</Filter>
    </ClCompile>
    <ClCompile Include="MFCKit2004Doc.cpp">
      <Filter>Source Files</Filter>
    </ClCompile>
    <ClCompile Include="MFCKit2004View.cpp">
      <Filter>Source Files</Filter>
    </ClCompile>
    <ClCompile Include="PropDlg.cpp">
      <Filter>Source Files</Filter>
    </ClCompile>
    <ClCompile Include="segment.cpp">
      <Filter>Source Files</Filter>
    </ClCompile>
    <ClCompile Include="StdAfx.cpp">
      <Filter>Source Files</Filter>
    </ClCompile>
    <ClCompile Include="BezierMath.cpp">
      <Filter>Source Files</Filter>
    </ClCompile>
    <ClCompile Include="BezierParser.cpp">
      <Filter>Source Files</Filter>
    </ClCompile>
    <ClCompile Include="Curve.cpp">
      <Filter>Source Files</Filter>
    </ClCompile>
    <ClCompile Include="KVgui.cpp">
      <Filter>Source Files</Filter>
    </ClCompile>
    <ClCompile Include="SurfaceFileParser.cpp">
      <Filter>Source Files</Filter>
    </ClCompile>
    <ClCompile Include="BsplineSurface.cpp">
      <Filter>Source Files</Filter>
    </ClCompile>
    <ClCompile Include="NewSurfaceDlg.cpp">
      <Filter>Header Files</Filter>
    </ClCompile>
    <ClCompile Include="GlobalsDlg.cpp">
      <Filter>Source Files</Filter>
    </ClCompile>
    <ClCompile Include="NURBS.cpp">
      <Filter>Source Files</Filter>
    </ClCompile>
  </ItemGroup>
  <ItemGroup>
    <ClInclude Include="Bezier.h">
      <Filter>Header Files</Filter>
    </ClInclude>
    <ClInclude Include="Bspline.h">
      <Filter>Header Files</Filter>
    </ClInclude>
    <ClInclude Include="CurveMgr.h">
      <Filter>Header Files</Filter>
    </ClInclude>
    <ClInclude Include="cagd.h">
      <Filter>Header Files</Filter>
    </ClInclude>
    <ClInclude Include="internal.h">
      <Filter>Header Files</Filter>
    </ClInclude>
    <ClInclude Include="MainFrm.h">
      <Filter>Header Files</Filter>
    </ClInclude>
    <ClInclude Include="MFCKit2004.h">
      <Filter>Header Files</Filter>
    </ClInclude>
    <ClInclude Include="MFCKit2004Doc.h">
      <Filter>Header Files</Filter>
    </ClInclude>
    <ClInclude Include="StdAfx.h">
      <Filter>Header Files</Filter>
    </ClInclude>
    <ClInclude Include="Resource.h">
      <Filter>Header Files</Filter>
    </ClInclude>
    <ClInclude Include="PropDlg.h">
      <Filter>Header Files</Filter>
    </ClInclude>
    <ClInclude Include="MFCKit2004View.h">
      <Filter>Header Files</Filter>
    </ClInclude>
    <ClInclude Include="BezierMath.h">
      <Filter>Header Files</Filter>
    </ClInclude>
    <ClInclude Include="BezierParser.h">
      <Filter>Header Files</Filter>
    </ClInclude>
    <ClInclude Include="Curve.h">
      <Filter>Header Files</Filter>
    </ClInclude>
    <ClInclude Include="KVgui.h">
      <Filter>Header Files</Filter>
    </ClInclude>
    <ClInclude Include="SurfaceFileParser.h">
      <Filter>Header Files</Filter>
    </ClInclude>
    <ClInclude Include="BsplineSurface.h">
      <Filter>Header Files</Filter>
    </ClInclude>
    <ClInclude Include="NewSurfaceDlg.h">
      <Filter>Header Files</Filter>
    </ClInclude>
    <ClInclude Include="GlobalsDlg.h">
      <Filter>Header Files</Filter>
    </ClInclude>
    <ClInclude Include="NURBS.h">
      <Filter>Header Files</Filter>
    </ClInclude>
  </ItemGroup>
  <ItemGroup>
    <None Include="res\MFCKit2004.ico">
      <Filter>Resource Files</Filter>
    </None>
    <None Include="res\Toolbar.bmp">
      <Filter>Resource Files</Filter>
    </None>
    <None Include="res\MFCKit2004.rc2">
      <Filter>Resource Files</Filter>
    </None>
    <None Include="res\MFCKit2004Doc.ico">
      <Filter>Resource Files</Filter>
    </None>
  </ItemGroup>
  <ItemGroup>
    <Filter Include="Header Files">
      <UniqueIdentifier>{fce9f0f0-1ecf-492c-b533-4a933b5ca038}</UniqueIdentifier>
    </Filter>
    <Filter Include="Source Files">
      <UniqueIdentifier>{a0d71c04-9809-49d8-9a57-73bbeaa86b90}</UniqueIdentifier>
    </Filter>
    <Filter Include="Resource Files">
      <UniqueIdentifier>{fd55e17e-0715-4e69-b7bd-ec0bd2596a26}</UniqueIdentifier>
    </Filter>
  </ItemGroup>
  <ItemGroup>
    <ResourceCompile Include="MFCKit2004.rc">
      <Filter>Resource Files</Filter>
    </ResourceCompile>
  </ItemGroup>
</Project>