<?xml version="1.0" encoding="utf-8"?>
<Project ToolsVersion="4.0" xmlns="http://schemas.microsoft.com/developer/msbuild/2003">
  <ItemGroup>
    <Filter Include="Source Files">
      <UniqueIdentifier>{ce005aea-6575-4cf4-8246-45b7732ce2f3}</UniqueIdentifier>
      <Extensions>cpp;c;cxx;rc;def;r;odl;idl;hpj;bat</Extensions>
    </Filter>
    <Filter Include="Header Files">
      <UniqueIdentifier>{7507b5fc-c326-43fd-a65c-a2fe4f61b737}</UniqueIdentifier>
      <Extensions>h;hpp;hxx;hm;inl</Extensions>
    </Filter>
    <Filter Include="Resource Files">
      <UniqueIdentifier>{acdd8316-1b25-4e2a-b391-18274204f779}</UniqueIdentifier>
      <Extensions>ico;cur;bmp;dlg;rc2;rct;bin;rgs;gif;jpg;jpeg;jpe</Extensions>
    </Filter>
  </ItemGroup>
  <ItemGroup>
    <ClCompile Include="..\cagd.cpp">
      <Filter>Source Files</Filter>
    </ClCompile>
    <ClCompile Include="..\MainFrm.cpp">
      <Filter>Source Files</Filter>
    </ClCompile>
    <ClCompile Include="..\ManualDialog.cpp">
      <Filter>Source Files</Filter>
    </ClCompile>
    <ClCompile Include="..\MFCKit2004.cpp">
      <Filter>Source Files</Filter>
    </ClCompile>
    <ClCompile Include="..\MFCKit2004Doc.cpp">
      <Filter>Source Files</Filter>
    </ClCompile>
    <ClCompile Include="..\MFCKit2004View.cpp">
      <Filter>Source Files</Filter>
    </ClCompile>
    <ClCompile Include="..\ProductDialog.cpp">
      <Filter>Source Files</Filter>
    </ClCompile>
    <ClCompile Include="..\RhoDialog.cpp">
      <Filter>Source Files</Filter>
    </ClCompile>
    <ClCompile Include="..\segment.cpp">
      <Filter>Source Files</Filter>
    </ClCompile>
    <ClCompile Include="..\StdAfx.cpp">
      <Filter>Source Files</Filter>
    </ClCompile>
  </ItemGroup>
  <ItemGroup>
    <ResourceCompile Include="..\MFCKit2004.rc">
      <Filter>Source Files</Filter>
    </ResourceCompile>
  </ItemGroup>
  <ItemGroup>
    <ClInclude Include="..\cagd.h">
      <Filter>Header Files</Filter>
    </ClInclude>
    <ClInclude Include="..\internal.h">
      <Filter>Header Files</Filter>
    </ClInclude>
    <ClInclude Include="..\MainFrm.h">
      <Filter>Header Files</Filter>
    </ClInclude>
    <ClInclude Include="..\ManualDialog.h">
      <Filter>Header Files</Filter>
    </ClInclude>
    <ClInclude Include="..\MFCKit2004.h">
      <Filter>Header Files</Filter>
    </ClInclude>
    <ClInclude Include="..\MFCKit2004Doc.h">
      <Filter>Header Files</Filter>
    </ClInclude>
    <ClInclude Include="..\MFCKit2004View.h">
      <Filter>Header Files</Filter>
    </ClInclude>
    <ClInclude Include="..\ProductDialog.h">
      <Filter>Header Files</Filter>
    </ClInclude>
    <ClInclude Include="..\Resource.h">
      <Filter>Header Files</Filter>
    </ClInclude>
    <ClInclude Include="..\RhoDialog.h">
      <Filter>Header Files</Filter>
    </ClInclude>
    <ClInclude Include="..\StdAfx.h">
      <Filter>Header Files</Filter>
    </ClInclude>
  </ItemGroup>
  <ItemGroup>
    <None Include="..\res\MFCKit2004.ico">
      <Filter>Resource Files</Filter>
    </None>
    <None Include="..\res\MFCKit2004.rc2">
      <Filter>Resource Files</Filter>
    </None>
    <None Include="..\res\MFCKit2004Doc.ico">
      <Filter>Resource Files</Filter>
    </None>
    <None Include="..\res\Toolbar.bmp">
      <Filter>Resource Files</Filter>
    </None>
  </ItemGroup>
</Project>